// !$*UTF8*$!
{
	archiveVersion = 1;
	classes = {
	};
	objectVersion = 48;
	objects = {

/* Begin PBXFileReference section */
		5D605918204B20ED00C3CF06 /* index.html */ = {isa = PBXFileReference; lastKnownFileType = text.html; path = index.html; sourceTree = "<group>"; };
		5D605919204B20ED00C3CF06 /* META-INF */ = {isa = PBXFileReference; lastKnownFileType = folder; path = "META-INF"; sourceTree = "<group>"; };
		5D60591A204B20ED00C3CF06 /* src */ = {isa = PBXFileReference; lastKnownFileType = folder; path = src; sourceTree = "<group>"; };
		5D60591B204B20ED00C3CF06 /* cron.yaml */ = {isa = PBXFileReference; lastKnownFileType = text; path = cron.yaml; sourceTree = "<group>"; };
		5D60591C204B20ED00C3CF06 /* index.jsp */ = {isa = PBXFileReference; lastKnownFileType = text.html.other; path = index.jsp; sourceTree = "<group>"; };
		5D60591D204B20ED00C3CF06 /* scheduled.jsp */ = {isa = PBXFileReference; lastKnownFileType = text.html.other; path = scheduled.jsp; sourceTree = "<group>"; };
		5D60591E204B20ED00C3CF06 /* WEB-INF */ = {isa = PBXFileReference; lastKnownFileType = folder; path = "WEB-INF"; sourceTree = "<group>"; };
/* End PBXFileReference section */

/* Begin PBXGroup section */
		5D605911204B206500C3CF06 = {
			isa = PBXGroup;
			children = (
				5D60591B204B20ED00C3CF06 /* cron.yaml */,
				5D605918204B20ED00C3CF06 /* index.html */,
				5D60591C204B20ED00C3CF06 /* index.jsp */,
				5D605919204B20ED00C3CF06 /* META-INF */,
				5D60591D204B20ED00C3CF06 /* scheduled.jsp */,
				5D60591A204B20ED00C3CF06 /* src */,
				5D60591E204B20ED00C3CF06 /* WEB-INF */,
			);
			sourceTree = "<group>";
		};
/* End PBXGroup section */

/* Begin PBXProject section */
		5D605912204B206500C3CF06 /* Project object */ = {
			isa = PBXProject;
			attributes = {
				LastUpgradeCheck = 0920;
			};
			buildConfigurationList = 5D605915204B206500C3CF06 /* Build configuration list for PBXProject "AWSHolden2000Web" */;
			compatibilityVersion = "Xcode 8.0";
			developmentRegion = en;
			hasScannedForEncodings = 0;
			knownRegions = (
				en,
			);
			mainGroup = 5D605911204B206500C3CF06;
			projectDirPath = "";
			projectRoot = "";
			targets = (
			);
		};
/* End PBXProject section */

/* Begin XCBuildConfiguration section */
		5D605916204B206500C3CF06 /* Debug */ = {
			isa = XCBuildConfiguration;
			buildSettings = {
			};
			name = Debug;
		};
		5D605917204B206500C3CF06 /* Release */ = {
			isa = XCBuildConfiguration;
			buildSettings = {
			};
			name = Release;
		};
/* End XCBuildConfiguration section */

/* Begin XCConfigurationList section */
		5D605915204B206500C3CF06 /* Build configuration list for PBXProject "AWSHolden2000Web" */ = {
			isa = XCConfigurationList;
			buildConfigurations = (
				5D605916204B206500C3CF06 /* Debug */,
				5D605917204B206500C3CF06 /* Release */,
			);
			defaultConfigurationIsVisible = 0;
			defaultConfigurationName = Release;
		};
/* End XCConfigurationList section */
	};
	rootObject = 5D605912204B206500C3CF06 /* Project object */;
}
