// !$*UTF8*$!
{
	archiveVersion = 1;
	classes = {
	};
	objectVersion = 51;
	objects = {

/* Begin PBXFileReference section */
		5D095848204B34ED0006F6A7 /* D3Exercises */ = {isa = PBXFileReference; lastKnownFileType = folder; path = D3Exercises; sourceTree = "<group>"; };
		5D0D8210244219DD00399CAE /* error.html */ = {isa = PBXFileReference; lastKnownFileType = text.html; path = error.html; sourceTree = "<group>"; };
		5D605918204B20ED00C3CF06 /* index.html */ = {isa = PBXFileReference; lastKnownFileType = text.html; path = index.html; sourceTree = "<group>"; };
		5D605919204B20ED00C3CF06 /* META-INF */ = {isa = PBXFileReference; lastKnownFileType = folder; path = "META-INF"; sourceTree = "<group>"; };
		5D60591A204B20ED00C3CF06 /* src */ = {isa = PBXFileReference; lastKnownFileType = folder; path = src; sourceTree = "<group>"; };
		5D60591B204B20ED00C3CF06 /* cron.yaml */ = {isa = PBXFileReference; lastKnownFileType = text; path = cron.yaml; sourceTree = "<group>"; };
		5D60591C204B20ED00C3CF06 /* index.jsp */ = {isa = PBXFileReference; lastKnownFileType = text.html.other; path = index.jsp; sourceTree = "<group>"; };
		5D60591D204B20ED00C3CF06 /* scheduled.jsp */ = {isa = PBXFileReference; lastKnownFileType = text.html.other; path = scheduled.jsp; sourceTree = "<group>"; };
		5D60591E204B20ED00C3CF06 /* WEB-INF */ = {isa = PBXFileReference; lastKnownFileType = folder; path = "WEB-INF"; sourceTree = "<group>"; };
		5D605920204B248C00C3CF06 /* Styles */ = {isa = PBXFileReference; lastKnownFileType = folder; path = Styles; sourceTree = "<group>"; };
		5D605921204B2E2100C3CF06 /* Maps */ = {isa = PBXFileReference; lastKnownFileType = folder; path = Maps; sourceTree = "<group>"; };
		5D7F99F920780CFA002D0602 /* index.php */ = {isa = PBXFileReference; lastKnownFileType = text.script.php; path = index.php; sourceTree = "<group>"; };
		5D7F99FA20780FD1002D0602 /* HelloWorld.php */ = {isa = PBXFileReference; lastKnownFileType = text.script.php; path = HelloWorld.php; sourceTree = "<group>"; };
		5DD44240204B3F3900228CC6 /* BubbleTutorial */ = {isa = PBXFileReference; lastKnownFileType = folder; path = BubbleTutorial; sourceTree = "<group>"; };
		5DD44241204B415400228CC6 /* Graphs */ = {isa = PBXFileReference; lastKnownFileType = folder; path = Graphs; sourceTree = "<group>"; };
		5DDFE7E4236E31D6003C9FC7 /* Collision */ = {isa = PBXFileReference; lastKnownFileType = folder; path = Collision; sourceTree = "<group>"; };
/* End PBXFileReference section */

/* Begin PBXGroup section */
		5D605911204B206500C3CF06 = {
			isa = PBXGroup;
			children = (
				5D0D8210244219DD00399CAE /* error.html */,
				5DDFE7E4236E31D6003C9FC7 /* Collision */,
				5DD44240204B3F3900228CC6 /* BubbleTutorial */,
				5D095848204B34ED0006F6A7 /* D3Exercises */,
				5DD44241204B415400228CC6 /* Graphs */,
				5D605921204B2E2100C3CF06 /* Maps */,
				5D60591B204B20ED00C3CF06 /* cron.yaml */,
				5D605918204B20ED00C3CF06 /* index.html */,
				5D7F99F920780CFA002D0602 /* index.php */,
				5D7F99FA20780FD1002D0602 /* HelloWorld.php */,
				5D60591C204B20ED00C3CF06 /* index.jsp */,
				5D60591D204B20ED00C3CF06 /* scheduled.jsp */,
				5D605919204B20ED00C3CF06 /* META-INF */,
				5D60591A204B20ED00C3CF06 /* src */,
				5D605920204B248C00C3CF06 /* Styles */,
				5D60591E204B20ED00C3CF06 /* WEB-INF */,
			);
			sourceTree = "<group>";
		};
/* End PBXGroup section */

/* Begin PBXLegacyTarget section */
		5D6925C621027725009A1E06 /* ExternalBuild */ = {
			isa = PBXLegacyTarget;
			buildArgumentsString = "$(ACTION)";
			buildConfigurationList = 5D6925C721027725009A1E06 /* Build configuration list for PBXLegacyTarget "ExternalBuild" */;
			buildPhases = (
			);
			buildToolPath = /usr/bin/make;
			dependencies = (
			);
			name = ExternalBuild;
			passBuildSettingsInEnvironment = 1;
			productName = ExternalBuild;
		};
		5D6ADDFE20E960C20024FE10 /* Holden2000Site */ = {
			isa = PBXLegacyTarget;
			buildArgumentsString = "$(ACTION)";
			buildConfigurationList = 5D6ADDFF20E960C20024FE10 /* Build configuration list for PBXLegacyTarget "Holden2000Site" */;
			buildPhases = (
			);
			buildToolPath = /usr/bin/make;
			buildWorkingDirectory = /Library/WebServer/Documents/AWSHolden2000Web;
			dependencies = (
			);
			name = Holden2000Site;
			passBuildSettingsInEnvironment = 0;
			productName = Holden2000Site;
		};
		5DA646DE210BD94400A015F8 /* TargetWebsite */ = {
			isa = PBXLegacyTarget;
			buildArgumentsString = "$(ACTION)";
			buildConfigurationList = 5DA646DF210BD94400A015F8 /* Build configuration list for PBXLegacyTarget "TargetWebsite" */;
			buildPhases = (
			);
			buildToolPath = /usr/bin/make;
			dependencies = (
			);
			name = TargetWebsite;
			passBuildSettingsInEnvironment = 1;
			productName = TargetWebsite;
		};
/* End PBXLegacyTarget section */

/* Begin PBXProject section */
		5D605912204B206500C3CF06 /* Project object */ = {
			isa = PBXProject;
			attributes = {
				KnownAssetTags = (
					ResourceTag1,
				);
				LastUpgradeCheck = 0940;
				TargetAttributes = {
					5D6925C621027725009A1E06 = {
						CreatedOnToolsVersion = 10.0;
						ProvisioningStyle = Automatic;
					};
					5D6ADDFE20E960C20024FE10 = {
						CreatedOnToolsVersion = 9.4.1;
						ProvisioningStyle = Automatic;
					};
					5DA646DE210BD94400A015F8 = {
						CreatedOnToolsVersion = 10.0;
					};
				};
			};
			buildConfigurationList = 5D605915204B206500C3CF06 /* Build configuration list for PBXProject "AWSHolden2000Web" */;
			compatibilityVersion = "Xcode 10.0";
			developmentRegion = en;
			hasScannedForEncodings = 0;
			knownRegions = (
				en,
			);
			mainGroup = 5D605911204B206500C3CF06;
			projectDirPath = "";
			projectRoot = "";
			targets = (
				5D6ADDFE20E960C20024FE10 /* Holden2000Site */,
				5D6925C621027725009A1E06 /* ExternalBuild */,
				5DA646DE210BD94400A015F8 /* TargetWebsite */,
			);
		};
/* End PBXProject section */

/* Begin XCBuildConfiguration section */
		5D605916204B206500C3CF06 /* Debug */ = {
			isa = XCBuildConfiguration;
			buildSettings = {
				CLANG_WARN_BLOCK_CAPTURE_AUTORELEASING = YES;
				CLANG_WARN_BOOL_CONVERSION = YES;
				CLANG_WARN_COMMA = YES;
				CLANG_WARN_CONSTANT_CONVERSION = YES;
				CLANG_WARN_DEPRECATED_OBJC_IMPLEMENTATIONS = YES;
				CLANG_WARN_EMPTY_BODY = YES;
				CLANG_WARN_ENUM_CONVERSION = YES;
				CLANG_WARN_INFINITE_RECURSION = YES;
				CLANG_WARN_INT_CONVERSION = YES;
				CLANG_WARN_NON_LITERAL_NULL_CONVERSION = YES;
				CLANG_WARN_OBJC_IMPLICIT_RETAIN_SELF = YES;
				CLANG_WARN_OBJC_LITERAL_CONVERSION = YES;
				CLANG_WARN_RANGE_LOOP_ANALYSIS = YES;
				CLANG_WARN_STRICT_PROTOTYPES = YES;
				CLANG_WARN_SUSPICIOUS_MOVE = YES;
				CLANG_WARN_UNREACHABLE_CODE = YES;
				CLANG_WARN__DUPLICATE_METHOD_MATCH = YES;
				ENABLE_STRICT_OBJC_MSGSEND = YES;
				ENABLE_TESTABILITY = YES;
				GCC_NO_COMMON_BLOCKS = YES;
				GCC_WARN_64_TO_32_BIT_CONVERSION = YES;
				GCC_WARN_ABOUT_RETURN_TYPE = YES;
				GCC_WARN_UNDECLARED_SELECTOR = YES;
				GCC_WARN_UNINITIALIZED_AUTOS = YES;
				GCC_WARN_UNUSED_FUNCTION = YES;
				GCC_WARN_UNUSED_VARIABLE = YES;
				ONLY_ACTIVE_ARCH = YES;
			};
			name = Debug;
		};
		5D605917204B206500C3CF06 /* Release */ = {
			isa = XCBuildConfiguration;
			buildSettings = {
				CLANG_WARN_BLOCK_CAPTURE_AUTORELEASING = YES;
				CLANG_WARN_BOOL_CONVERSION = YES;
				CLANG_WARN_COMMA = YES;
				CLANG_WARN_CONSTANT_CONVERSION = YES;
				CLANG_WARN_DEPRECATED_OBJC_IMPLEMENTATIONS = YES;
				CLANG_WARN_EMPTY_BODY = YES;
				CLANG_WARN_ENUM_CONVERSION = YES;
				CLANG_WARN_INFINITE_RECURSION = YES;
				CLANG_WARN_INT_CONVERSION = YES;
				CLANG_WARN_NON_LITERAL_NULL_CONVERSION = YES;
				CLANG_WARN_OBJC_IMPLICIT_RETAIN_SELF = YES;
				CLANG_WARN_OBJC_LITERAL_CONVERSION = YES;
				CLANG_WARN_RANGE_LOOP_ANALYSIS = YES;
				CLANG_WARN_STRICT_PROTOTYPES = YES;
				CLANG_WARN_SUSPICIOUS_MOVE = YES;
				CLANG_WARN_UNREACHABLE_CODE = YES;
				CLANG_WARN__DUPLICATE_METHOD_MATCH = YES;
				ENABLE_STRICT_OBJC_MSGSEND = YES;
				GCC_NO_COMMON_BLOCKS = YES;
				GCC_WARN_64_TO_32_BIT_CONVERSION = YES;
				GCC_WARN_ABOUT_RETURN_TYPE = YES;
				GCC_WARN_UNDECLARED_SELECTOR = YES;
				GCC_WARN_UNINITIALIZED_AUTOS = YES;
				GCC_WARN_UNUSED_FUNCTION = YES;
				GCC_WARN_UNUSED_VARIABLE = YES;
			};
			name = Release;
		};
		5D6925C821027725009A1E06 /* Debug */ = {
			isa = XCBuildConfiguration;
			buildSettings = {
				ALWAYS_SEARCH_USER_PATHS = NO;
				CLANG_ANALYZER_NONNULL = YES;
				CLANG_ANALYZER_NUMBER_OBJECT_CONVERSION = YES_AGGRESSIVE;
				CLANG_CXX_LANGUAGE_STANDARD = "gnu++14";
				CLANG_CXX_LIBRARY = "libc++";
				CLANG_ENABLE_MODULES = YES;
				CLANG_ENABLE_OBJC_ARC = YES;
				CLANG_ENABLE_OBJC_WEAK = YES;
				CLANG_WARN_DIRECT_OBJC_ISA_USAGE = YES_ERROR;
				CLANG_WARN_DOCUMENTATION_COMMENTS = YES;
				CLANG_WARN_OBJC_ROOT_CLASS = YES_ERROR;
				CLANG_WARN_UNGUARDED_AVAILABILITY = YES_AGGRESSIVE;
				CODE_SIGN_STYLE = Automatic;
				COPY_PHASE_STRIP = NO;
				DEBUGGING_SYMBOLS = YES;
				DEBUG_INFORMATION_FORMAT = dwarf;
				GCC_C_LANGUAGE_STANDARD = gnu11;
				GCC_DYNAMIC_NO_PIC = NO;
				GCC_GENERATE_DEBUGGING_SYMBOLS = YES;
				GCC_OPTIMIZATION_LEVEL = 0;
				GCC_PREPROCESSOR_DEFINITIONS = (
					"DEBUG=1",
					"$(inherited)",
				);
				GCC_WARN_ABOUT_RETURN_TYPE = YES_ERROR;
				GCC_WARN_UNINITIALIZED_AUTOS = YES_AGGRESSIVE;
				MTL_ENABLE_DEBUG_INFO = INCLUDE_SOURCE;
				MTL_FAST_MATH = YES;
				OTHER_CFLAGS = "";
				OTHER_LDFLAGS = "";
				PRODUCT_NAME = "$(TARGET_NAME)";
			};
			name = Debug;
		};
		5D6925C921027725009A1E06 /* Release */ = {
			isa = XCBuildConfiguration;
			buildSettings = {
				ALWAYS_SEARCH_USER_PATHS = NO;
				CLANG_ANALYZER_NONNULL = YES;
				CLANG_ANALYZER_NUMBER_OBJECT_CONVERSION = YES_AGGRESSIVE;
				CLANG_CXX_LANGUAGE_STANDARD = "gnu++14";
				CLANG_CXX_LIBRARY = "libc++";
				CLANG_ENABLE_MODULES = YES;
				CLANG_ENABLE_OBJC_ARC = YES;
				CLANG_ENABLE_OBJC_WEAK = YES;
				CLANG_WARN_DIRECT_OBJC_ISA_USAGE = YES_ERROR;
				CLANG_WARN_DOCUMENTATION_COMMENTS = YES;
				CLANG_WARN_OBJC_ROOT_CLASS = YES_ERROR;
				CLANG_WARN_UNGUARDED_AVAILABILITY = YES_AGGRESSIVE;
				CODE_SIGN_STYLE = Automatic;
				COPY_PHASE_STRIP = NO;
				DEBUG_INFORMATION_FORMAT = "dwarf-with-dsym";
				ENABLE_NS_ASSERTIONS = NO;
				GCC_C_LANGUAGE_STANDARD = gnu11;
				GCC_WARN_ABOUT_RETURN_TYPE = YES_ERROR;
				GCC_WARN_UNINITIALIZED_AUTOS = YES_AGGRESSIVE;
				MTL_ENABLE_DEBUG_INFO = NO;
				MTL_FAST_MATH = YES;
				OTHER_CFLAGS = "";
				OTHER_LDFLAGS = "";
				PRODUCT_NAME = "$(TARGET_NAME)";
			};
			name = Release;
		};
		5D6ADE0020E960C20024FE10 /* Debug */ = {
			isa = XCBuildConfiguration;
			buildSettings = {
				ALWAYS_SEARCH_USER_PATHS = NO;
				CLANG_ANALYZER_NONNULL = YES;
				CLANG_ANALYZER_NUMBER_OBJECT_CONVERSION = YES_AGGRESSIVE;
				CLANG_CXX_LANGUAGE_STANDARD = "gnu++14";
				CLANG_CXX_LIBRARY = "libc++";
				CLANG_ENABLE_MODULES = YES;
				CLANG_ENABLE_OBJC_ARC = YES;
				CLANG_ENABLE_OBJC_WEAK = YES;
				CLANG_WARN_DIRECT_OBJC_ISA_USAGE = YES_ERROR;
				CLANG_WARN_DOCUMENTATION_COMMENTS = YES;
				CLANG_WARN_OBJC_ROOT_CLASS = YES_ERROR;
				CLANG_WARN_UNGUARDED_AVAILABILITY = YES_AGGRESSIVE;
				CODE_SIGN_STYLE = Automatic;
				COPY_PHASE_STRIP = NO;
				DEBUGGING_SYMBOLS = YES;
				DEBUG_INFORMATION_FORMAT = dwarf;
				GCC_C_LANGUAGE_STANDARD = gnu11;
				GCC_DYNAMIC_NO_PIC = NO;
				GCC_GENERATE_DEBUGGING_SYMBOLS = YES;
				GCC_OPTIMIZATION_LEVEL = 0;
				GCC_PREPROCESSOR_DEFINITIONS = (
					"DEBUG=1",
					"$(inherited)",
				);
				GCC_WARN_ABOUT_RETURN_TYPE = YES_ERROR;
				GCC_WARN_UNINITIALIZED_AUTOS = YES_AGGRESSIVE;
				MTL_ENABLE_DEBUG_INFO = YES;
				OTHER_CFLAGS = "";
				OTHER_LDFLAGS = "";
				PRODUCT_NAME = "$(TARGET_NAME)";
			};
			name = Debug;
		};
		5D6ADE0120E960C20024FE10 /* Release */ = {
			isa = XCBuildConfiguration;
			buildSettings = {
				ALWAYS_SEARCH_USER_PATHS = NO;
				CLANG_ANALYZER_NONNULL = YES;
				CLANG_ANALYZER_NUMBER_OBJECT_CONVERSION = YES_AGGRESSIVE;
				CLANG_CXX_LANGUAGE_STANDARD = "gnu++14";
				CLANG_CXX_LIBRARY = "libc++";
				CLANG_ENABLE_MODULES = YES;
				CLANG_ENABLE_OBJC_ARC = YES;
				CLANG_ENABLE_OBJC_WEAK = YES;
				CLANG_WARN_DIRECT_OBJC_ISA_USAGE = YES_ERROR;
				CLANG_WARN_DOCUMENTATION_COMMENTS = YES;
				CLANG_WARN_OBJC_ROOT_CLASS = YES_ERROR;
				CLANG_WARN_UNGUARDED_AVAILABILITY = YES_AGGRESSIVE;
				CODE_SIGN_STYLE = Automatic;
				COPY_PHASE_STRIP = NO;
				DEBUG_INFORMATION_FORMAT = "dwarf-with-dsym";
				ENABLE_NS_ASSERTIONS = NO;
				GCC_C_LANGUAGE_STANDARD = gnu11;
				GCC_WARN_ABOUT_RETURN_TYPE = YES_ERROR;
				GCC_WARN_UNINITIALIZED_AUTOS = YES_AGGRESSIVE;
				MTL_ENABLE_DEBUG_INFO = NO;
				OTHER_CFLAGS = "";
				OTHER_LDFLAGS = "";
				PRODUCT_NAME = "$(TARGET_NAME)";
			};
			name = Release;
		};
		5DA646E0210BD94400A015F8 /* Debug */ = {
			isa = XCBuildConfiguration;
			buildSettings = {
				ALWAYS_SEARCH_USER_PATHS = NO;
				CLANG_ANALYZER_NONNULL = YES;
				CLANG_ANALYZER_NUMBER_OBJECT_CONVERSION = YES_AGGRESSIVE;
				CLANG_CXX_LANGUAGE_STANDARD = "gnu++14";
				CLANG_CXX_LIBRARY = "libc++";
				CLANG_ENABLE_MODULES = YES;
				CLANG_ENABLE_OBJC_ARC = YES;
				CLANG_ENABLE_OBJC_WEAK = YES;
				CLANG_WARN_DIRECT_OBJC_ISA_USAGE = YES_ERROR;
				CLANG_WARN_DOCUMENTATION_COMMENTS = YES;
				CLANG_WARN_OBJC_ROOT_CLASS = YES_ERROR;
				CLANG_WARN_UNGUARDED_AVAILABILITY = YES_AGGRESSIVE;
				CODE_SIGN_STYLE = Automatic;
				COPY_PHASE_STRIP = NO;
				DEBUGGING_SYMBOLS = YES;
				DEBUG_INFORMATION_FORMAT = dwarf;
				GCC_C_LANGUAGE_STANDARD = gnu11;
				GCC_DYNAMIC_NO_PIC = NO;
				GCC_GENERATE_DEBUGGING_SYMBOLS = YES;
				GCC_OPTIMIZATION_LEVEL = 0;
				GCC_PREPROCESSOR_DEFINITIONS = (
					"DEBUG=1",
					"$(inherited)",
				);
				GCC_WARN_ABOUT_RETURN_TYPE = YES_ERROR;
				GCC_WARN_UNINITIALIZED_AUTOS = YES_AGGRESSIVE;
				MTL_ENABLE_DEBUG_INFO = INCLUDE_SOURCE;
				MTL_FAST_MATH = YES;
				OTHER_CFLAGS = "";
				OTHER_LDFLAGS = "";
				PRODUCT_NAME = "$(TARGET_NAME)";
			};
			name = Debug;
		};
		5DA646E1210BD94400A015F8 /* Release */ = {
			isa = XCBuildConfiguration;
			buildSettings = {
				ALWAYS_SEARCH_USER_PATHS = NO;
				CLANG_ANALYZER_NONNULL = YES;
				CLANG_ANALYZER_NUMBER_OBJECT_CONVERSION = YES_AGGRESSIVE;
				CLANG_CXX_LANGUAGE_STANDARD = "gnu++14";
				CLANG_CXX_LIBRARY = "libc++";
				CLANG_ENABLE_MODULES = YES;
				CLANG_ENABLE_OBJC_ARC = YES;
				CLANG_ENABLE_OBJC_WEAK = YES;
				CLANG_WARN_DIRECT_OBJC_ISA_USAGE = YES_ERROR;
				CLANG_WARN_DOCUMENTATION_COMMENTS = YES;
				CLANG_WARN_OBJC_ROOT_CLASS = YES_ERROR;
				CLANG_WARN_UNGUARDED_AVAILABILITY = YES_AGGRESSIVE;
				CODE_SIGN_STYLE = Automatic;
				COPY_PHASE_STRIP = NO;
				DEBUG_INFORMATION_FORMAT = "dwarf-with-dsym";
				ENABLE_NS_ASSERTIONS = NO;
				GCC_C_LANGUAGE_STANDARD = gnu11;
				GCC_WARN_ABOUT_RETURN_TYPE = YES_ERROR;
				GCC_WARN_UNINITIALIZED_AUTOS = YES_AGGRESSIVE;
				MTL_ENABLE_DEBUG_INFO = NO;
				MTL_FAST_MATH = YES;
				OTHER_CFLAGS = "";
				OTHER_LDFLAGS = "";
				PRODUCT_NAME = "$(TARGET_NAME)";
			};
			name = Release;
		};
/* End XCBuildConfiguration section */

/* Begin XCConfigurationList section */
		5D605915204B206500C3CF06 /* Build configuration list for PBXProject "AWSHolden2000Web" */ = {
			isa = XCConfigurationList;
			buildConfigurations = (
				5D605916204B206500C3CF06 /* Debug */,
				5D605917204B206500C3CF06 /* Release */,
			);
			defaultConfigurationIsVisible = 0;
			defaultConfigurationName = Debug;
		};
		5D6925C721027725009A1E06 /* Build configuration list for PBXLegacyTarget "ExternalBuild" */ = {
			isa = XCConfigurationList;
			buildConfigurations = (
				5D6925C821027725009A1E06 /* Debug */,
				5D6925C921027725009A1E06 /* Release */,
			);
			defaultConfigurationIsVisible = 0;
			defaultConfigurationName = Debug;
		};
		5D6ADDFF20E960C20024FE10 /* Build configuration list for PBXLegacyTarget "Holden2000Site" */ = {
			isa = XCConfigurationList;
			buildConfigurations = (
				5D6ADE0020E960C20024FE10 /* Debug */,
				5D6ADE0120E960C20024FE10 /* Release */,
			);
			defaultConfigurationIsVisible = 0;
			defaultConfigurationName = Debug;
		};
		5DA646DF210BD94400A015F8 /* Build configuration list for PBXLegacyTarget "TargetWebsite" */ = {
			isa = XCConfigurationList;
			buildConfigurations = (
				5DA646E0210BD94400A015F8 /* Debug */,
				5DA646E1210BD94400A015F8 /* Release */,
			);
			defaultConfigurationIsVisible = 0;
			defaultConfigurationName = Debug;
		};
/* End XCConfigurationList section */
	};
	rootObject = 5D605912204B206500C3CF06 /* Project object */;
}
